
Microsoft Visual Studio Solution File, Format Version 12.00
# Visual Studio Version 17
VisualStudioVersion = 17.4.33205.214
MinimumVisualStudioVersion = 10.0.40219.1
Project("{9A19103F-16F7-4668-BE54-9A1E7A4F7556}") = "Football World Cup Score Board Test", "Football World Cup Score Board Test.csproj", "{632249BF-CAC1-44B5-ABBA-AD42C4E92BB7}"
EndProject
Project("{FAE04EC0-301F-11D3-BF4B-00C04F79EFBC}") = "Football World Cup Score Board Test Project", "..\Football World Cup Score Board Test Project\Football World Cup Score Board Test Project.csproj", "{640FF246-E927-4CB1-92A2-5F111C003764}"
EndProject
Global
	GlobalSection(SolutionConfigurationPlatforms) = preSolution
		Debug|Any CPU = Debug|Any CPU
		Release|Any CPU = Release|Any CPU
	EndGlobalSection
	GlobalSection(ProjectConfigurationPlatforms) = postSolution
		{632249BF-CAC1-44B5-ABBA-AD42C4E92BB7}.Debug|Any CPU.ActiveCfg = Debug|Any CPU
		{632249BF-CAC1-44B5-ABBA-AD42C4E92BB7}.Debug|Any CPU.Build.0 = Debug|Any CPU
		{632249BF-CAC1-44B5-ABBA-AD42C4E92BB7}.Release|Any CPU.ActiveCfg = Release|Any CPU
		{632249BF-CAC1-44B5-ABBA-AD42C4E92BB7}.Release|Any CPU.Build.0 = Release|Any CPU
		{640FF246-E927-4CB1-92A2-5F111C003764}.Debug|Any CPU.ActiveCfg = Debug|Any CPU
		{640FF246-E927-4CB1-92A2-5F111C003764}.Debug|Any CPU.Build.0 = Debug|Any CPU
		{640FF246-E927-4CB1-92A2-5F111C003764}.Release|Any CPU.ActiveCfg = Release|Any CPU
		{640FF246-E927-4CB1-92A2-5F111C003764}.Release|Any CPU.Build.0 = Release|Any CPU
	EndGlobalSection
	GlobalSection(SolutionProperties) = preSolution
		HideSolutionNode = FALSE
	EndGlobalSection
	GlobalSection(ExtensibilityGlobals) = postSolution
		SolutionGuid = {9600147B-E408-4D22-A58D-3E5D0C625D6A}
	EndGlobalSection
EndGlobal
